// !$*UTF8*$!
{
	archiveVersion = 1;
	classes = {
	};
	objectVersion = 46;
	objects = {

/* Begin PBXBuildFile section */
		C178AA061D9970770083E7B4 /* main.m in Sources */ = {isa = PBXBuildFile; fileRef = C178AA051D9970770083E7B4 /* main.m */; };
		C178AA091D9970770083E7B4 /* AppDelegate.m in Sources */ = {isa = PBXBuildFile; fileRef = C178AA081D9970770083E7B4 /* AppDelegate.m */; };
		C178AA0C1D9970770083E7B4 /* ViewController.m in Sources */ = {isa = PBXBuildFile; fileRef = C178AA0B1D9970770083E7B4 /* ViewController.m */; };
		C178AA0F1D9970770083E7B4 /* Main.storyboard in Resources */ = {isa = PBXBuildFile; fileRef = C178AA0D1D9970770083E7B4 /* Main.storyboard */; };
		C178AA111D9970770083E7B4 /* Assets.xcassets in Resources */ = {isa = PBXBuildFile; fileRef = C178AA101D9970770083E7B4 /* Assets.xcassets */; };
		C178AA141D9970770083E7B4 /* LaunchScreen.storyboard in Resources */ = {isa = PBXBuildFile; fileRef = C178AA121D9970770083E7B4 /* LaunchScreen.storyboard */; };
/* End PBXBuildFile section */

/* Begin PBXFileReference section */
		C178AA011D9970770083E7B4 /* PodNewTestDemo.app */ = {isa = PBXFileReference; explicitFileType = wrapper.application; includeInIndex = 0; path = PodNewTestDemo.app; sourceTree = BUILT_PRODUCTS_DIR; };
		C178AA051D9970770083E7B4 /* main.m */ = {isa = PBXFileReference; lastKnownFileType = sourcecode.c.objc; path = main.m; sourceTree = "<group>"; };
		C178AA071D9970770083E7B4 /* AppDelegate.h */ = {isa = PBXFileReference; lastKnownFileType = sourcecode.c.h; path = AppDelegate.h; sourceTree = "<group>"; };
		C178AA081D9970770083E7B4 /* AppDelegate.m */ = {isa = PBXFileReference; lastKnownFileType = sourcecode.c.objc; path = AppDelegate.m; sourceTree = "<group>"; };
		C178AA0A1D9970770083E7B4 /* ViewController.h */ = {isa = PBXFileReference; lastKnownFileType = sourcecode.c.h; path = ViewController.h; sourceTree = "<group>"; };
		C178AA0B1D9970770083E7B4 /* ViewController.m */ = {isa = PBXFileReference; lastKnownFileType = sourcecode.c.objc; path = ViewController.m; sourceTree = "<group>"; };
		C178AA0E1D9970770083E7B4 /* Base */ = {isa = PBXFileReference; lastKnownFileType = file.storyboard; name = Base; path = Base.lproj/Main.storyboard; sourceTree = "<group>"; };
		C178AA101D9970770083E7B4 /* Assets.xcassets */ = {isa = PBXFileReference; lastKnownFileType = folder.assetcatalog; path = Assets.xcassets; sourceTree = "<group>"; };
		C178AA131D9970770083E7B4 /* Base */ = {isa = PBXFileReference; lastKnownFileType = file.storyboard; name = Base; path = Base.lproj/LaunchScreen.storyboard; sourceTree = "<group>"; };
		C178AA151D9970770083E7B4 /* Info.plist */ = {isa = PBXFileReference; lastKnownFileType = text.plist.xml; path = Info.plist; sourceTree = "<group>"; };
/* End PBXFileReference section */

/* Begin PBXFrameworksBuildPhase section */
		C178A9FE1D9970770083E7B4 /* Frameworks */ = {
			isa = PBXFrameworksBuildPhase;
			buildActionMask = 2147483647;
			files = (
			);
			runOnlyForDeploymentPostprocessing = 0;
		};
/* End PBXFrameworksBuildPhase section */

/* Begin PBXGroup section */
		C178A9F81D9970770083E7B4 = {
			isa = PBXGroup;
			children = (
				C178AA031D9970770083E7B4 /* PodNewTestDemo */,
				C178AA021D9970770083E7B4 /* Products */,
			);
			sourceTree = "<group>";
		};
		C178AA021D9970770083E7B4 /* Products */ = {
			isa = PBXGroup;
			children = (
				C178AA011D9970770083E7B4 /* PodNewTestDemo.app */,
			);
			name = Products;
			sourceTree = "<group>";
		};
		C178AA031D9970770083E7B4 /* PodNewTestDemo */ = {
			isa = PBXGroup;
			children = (
				C178AA071D9970770083E7B4 /* AppDelegate.h */,
				C178AA081D9970770083E7B4 /* AppDelegate.m */,
				C178AA0A1D9970770083E7B4 /* ViewController.h */,
				C178AA0B1D9970770083E7B4 /* ViewController.m */,
				C178AA0D1D9970770083E7B4 /* Main.storyboard */,
				C178AA101D9970770083E7B4 /* Assets.xcassets */,
				C178AA121D9970770083E7B4 /* LaunchScreen.storyboard */,
				C178AA151D9970770083E7B4 /* Info.plist */,
				C178AA041D9970770083E7B4 /* Supporting Files */,
			);
			path = PodNewTestDemo;
			sourceTree = "<group>";
		};
		C178AA041D9970770083E7B4 /* Supporting Files */ = {
			isa = PBXGroup;
			children = (
				C178AA051D9970770083E7B4 /* main.m */,
			);
			name = "Supporting Files";
			sourceTree = "<group>";
		};
/* End PBXGroup section */

/* Begin PBXNativeTarget section */
		C178AA001D9970770083E7B4 /* PodNewTestDemo */ = {
			isa = PBXNativeTarget;
			buildConfigurationList = C178AA181D9970770083E7B4 /* Build configuration list for PBXNativeTarget "PodNewTestDemo" */;
			buildPhases = (
				C178A9FD1D9970770083E7B4 /* Sources */,
				C178A9FE1D9970770083E7B4 /* Frameworks */,
				C178A9FF1D9970770083E7B4 /* Resources */,
			);
			buildRules = (
			);
			dependencies = (
			);
			name = PodNewTestDemo;
			productName = PodNewTestDemo;
			productReference = C178AA011D9970770083E7B4 /* PodNewTestDemo.app */;
			productType = "com.apple.product-type.application";
		};
/* End PBXNativeTarget section */

/* Begin PBXProject section */
		C178A9F91D9970770083E7B4 /* Project object */ = {
			isa = PBXProject;
			attributes = {
				LastUpgradeCheck = 0800;
				ORGANIZATIONNAME = yongche;
				TargetAttributes = {
					C178AA001D9970770083E7B4 = {
						CreatedOnToolsVersion = 8.0;
						ProvisioningStyle = Automatic;
					};
				};
			};
			buildConfigurationList = C178A9FC1D9970770083E7B4 /* Build configuration list for PBXProject "PodNewTestDemo" */;
			compatibilityVersion = "Xcode 3.2";
			developmentRegion = English;
			hasScannedForEncodings = 0;
			knownRegions = (
				en,
				Base,
			);
			mainGroup = C178A9F81D9970770083E7B4;
			productRefGroup = C178AA021D9970770083E7B4 /* Products */;
			projectDirPath = "";
			projectRoot = "";
			targets = (
				C178AA001D9970770083E7B4 /* PodNewTestDemo */,
			);
		};
/* End PBXProject section */

/* Begin PBXResourcesBuildPhase section */
		C178A9FF1D9970770083E7B4 /* Resources */ = {
			isa = PBXResourcesBuildPhase;
			buildActionMask = 2147483647;
			files = (
				C178AA141D9970770083E7B4 /* LaunchScreen.storyboard in Resources */,
				C178AA111D9970770083E7B4 /* Assets.xcassets in Resources */,
				C178AA0F1D9970770083E7B4 /* Main.storyboard in Resources */,
			);
			runOnlyForDeploymentPostprocessing = 0;
		};
/* End PBXResourcesBuildPhase section */

/* Begin PBXSourcesBuildPhase section */
		C178A9FD1D9970770083E7B4 /* Sources */ = {
			isa = PBXSourcesBuildPhase;
			buildActionMask = 2147483647;
			files = (
				C178AA0C1D9970770083E7B4 /* ViewController.m in Sources */,
				C178AA091D9970770083E7B4 /* AppDelegate.m in Sources */,
				C178AA061D9970770083E7B4 /* main.m in Sources */,
			);
			runOnlyForDeploymentPostprocessing = 0;
		};
/* End PBXSourcesBuildPhase section */

/* Begin PBXVariantGroup section */
		C178AA0D1D9970770083E7B4 /* Main.storyboard */ = {
			isa = PBXVariantGroup;
			children = (
				C178AA0E1D9970770083E7B4 /* Base */,
			);
			name = Main.storyboard;
			sourceTree = "<group>";
		};
		C178AA121D9970770083E7B4 /* LaunchScreen.storyboard */ = {
			isa = PBXVariantGroup;
			children = (
				C178AA131D9970770083E7B4 /* Base */,
			);
			name = LaunchScreen.storyboard;
			sourceTree = "<group>";
		};
/* End PBXVariantGroup section */

/* Begin XCBuildConfiguration section */
		C178AA161D9970770083E7B4 /* Debug */ = {
			isa = XCBuildConfiguration;
			buildSettings = {
				ALWAYS_SEARCH_USER_PATHS = NO;
				CLANG_ANALYZER_NONNULL = YES;
				CLANG_CXX_LANGUAGE_STANDARD = "gnu++0x";
				CLANG_CXX_LIBRARY = "libc++";
				CLANG_ENABLE_MODULES = YES;
				CLANG_ENABLE_OBJC_ARC = YES;
				CLANG_WARN_BOOL_CONVERSION = YES;
				CLANG_WARN_CONSTANT_CONVERSION = YES;
				CLANG_WARN_DIRECT_OBJC_ISA_USAGE = YES_ERROR;
				CLANG_WARN_DOCUMENTATION_COMMENTS = YES;
				CLANG_WARN_EMPTY_BODY = YES;
				CLANG_WARN_ENUM_CONVERSION = YES;
				CLANG_WARN_INFINITE_RECURSION = YES;
				CLANG_WARN_INT_CONVERSION = YES;
				CLANG_WARN_OBJC_ROOT_CLASS = YES_ERROR;
				CLANG_WARN_SUSPICIOUS_MOVES = YES;
				CLANG_WARN_UNREACHABLE_CODE = YES;
				CLANG_WARN__DUPLICATE_METHOD_MATCH = YES;
				"CODE_SIGN_IDENTITY[sdk=iphoneos*]" = "iPhone Developer";
				COPY_PHASE_STRIP = NO;
				DEBUG_INFORMATION_FORMAT = dwarf;
				ENABLE_STRICT_OBJC_MSGSEND = YES;
				ENABLE_TESTABILITY = YES;
				GCC_C_LANGUAGE_STANDARD = gnu99;
				GCC_DYNAMIC_NO_PIC = NO;
				GCC_NO_COMMON_BLOCKS = YES;
				GCC_OPTIMIZATION_LEVEL = 0;
				GCC_PREPROCESSOR_DEFINITIONS = (
					"DEBUG=1",
					"$(inherited)",
				);
				GCC_WARN_64_TO_32_BIT_CONVERSION = YES;
				GCC_WARN_ABOUT_RETURN_TYPE = YES_ERROR;
				GCC_WARN_UNDECLARED_SELECTOR = YES;
				GCC_WARN_UNINITIALIZED_AUTOS = YES_AGGRESSIVE;
				GCC_WARN_UNUSED_FUNCTION = YES;
				GCC_WARN_UNUSED_VARIABLE = YES;
				IPHONEOS_DEPLOYMENT_TARGET = 10.0;
				MTL_ENABLE_DEBUG_INFO = YES;
				ONLY_ACTIVE_ARCH = YES;
				SDKROOT = iphoneos;
				TARGETED_DEVICE_FAMILY = "1,2";
			};
			name = Debug;
		};
		C178AA171D9970770083E7B4 /* Release */ = {
			isa = XCBuildConfiguration;
			buildSettings = {
				ALWAYS_SEARCH_USER_PATHS = NO;
				CLANG_ANALYZER_NONNULL = YES;
				CLANG_CXX_LANGUAGE_STANDARD = "gnu++0x";
				CLANG_CXX_LIBRARY = "libc++";
				CLANG_ENABLE_MODULES = YES;
				CLANG_ENABLE_OBJC_ARC = YES;
				CLANG_WARN_BOOL_CONVERSION = YES;
				CLANG_WARN_CONSTANT_CONVERSION = YES;
				CLANG_WARN_DIRECT_OBJC_ISA_USAGE = YES_ERROR;
				CLANG_WARN_DOCUMENTATION_COMMENTS = YES;
				CLANG_WARN_EMPTY_BODY = YES;
				CLANG_WARN_ENUM_CONVERSION = YES;
				CLANG_WARN_INFINITE_RECURSION = YES;
				CLANG_WARN_INT_CONVERSION = YES;
				CLANG_WARN_OBJC_ROOT_CLASS = YES_ERROR;
				CLANG_WARN_SUSPICIOUS_MOVES = YES;
				CLANG_WARN_UNREACHABLE_CODE = YES;
				CLANG_WARN__DUPLICATE_METHOD_MATCH = YES;
				"CODE_SIGN_IDENTITY[sdk=iphoneos*]" = "iPhone Developer";
				COPY_PHASE_STRIP = NO;
				DEBUG_INFORMATION_FORMAT = "dwarf-with-dsym";
				ENABLE_NS_ASSERTIONS = NO;
				ENABLE_STRICT_OBJC_MSGSEND = YES;
				GCC_C_LANGUAGE_STANDARD = gnu99;
				GCC_NO_COMMON_BLOCKS = YES;
				GCC_WARN_64_TO_32_BIT_CONVERSION = YES;
				GCC_WARN_ABOUT_RETURN_TYPE = YES_ERROR;
				GCC_WARN_UNDECLARED_SELECTOR = YES;
				GCC_WARN_UNINITIALIZED_AUTOS = YES_AGGRESSIVE;
				GCC_WARN_UNUSED_FUNCTION = YES;
				GCC_WARN_UNUSED_VARIABLE = YES;
				IPHONEOS_DEPLOYMENT_TARGET = 10.0;
				MTL_ENABLE_DEBUG_INFO = NO;
				SDKROOT = iphoneos;
				TARGETED_DEVICE_FAMILY = "1,2";
				VALIDATE_PRODUCT = YES;
			};
			name = Release;
		};
		C178AA191D9970770083E7B4 /* Debug */ = {
			isa = XCBuildConfiguration;
			buildSettings = {
				ASSETCATALOG_COMPILER_APPICON_NAME = AppIcon;
				INFOPLIST_FILE = PodNewTestDemo/Info.plist;
				LD_RUNPATH_SEARCH_PATHS = "$(inherited) @executable_path/Frameworks";
				PRODUCT_BUNDLE_IDENTIFIER = com.yidao.PodNewTestDemo;
				PRODUCT_NAME = "$(TARGET_NAME)";
			};
			name = Debug;
		};
		C178AA1A1D9970770083E7B4 /* Release */ = {
			isa = XCBuildConfiguration;
			buildSettings = {
				ASSETCATALOG_COMPILER_APPICON_NAME = AppIcon;
				INFOPLIST_FILE = PodNewTestDemo/Info.plist;
				LD_RUNPATH_SEARCH_PATHS = "$(inherited) @executable_path/Frameworks";
				PRODUCT_BUNDLE_IDENTIFIER = com.yidao.PodNewTestDemo;
				PRODUCT_NAME = "$(TARGET_NAME)";
			};
			name = Release;
		};
/* End XCBuildConfiguration section */

/* Begin XCConfigurationList section */
		C178A9FC1D9970770083E7B4 /* Build configuration list for PBXProject "PodNewTestDemo" */ = {
			isa = XCConfigurationList;
			buildConfigurations = (
				C178AA161D9970770083E7B4 /* Debug */,
				C178AA171D9970770083E7B4 /* Release */,
			);
			defaultConfigurationIsVisible = 0;
			defaultConfigurationName = Release;
		};
		C178AA181D9970770083E7B4 /* Build configuration list for PBXNativeTarget "PodNewTestDemo" */ = {
			isa = XCConfigurationList;
			buildConfigurations = (
				C178AA191D9970770083E7B4 /* Debug */,
				C178AA1A1D9970770083E7B4 /* Release */,
			);
			defaultConfigurationIsVisible = 0;
		};
/* End XCConfigurationList section */
	};
	rootObject = C178A9F91D9970770083E7B4 /* Project object */;
}
